
Microsoft Visual Studio Solution File, Format Version 12.00
# Visual Studio Version 17
VisualStudioVersion = 17.5.33530.505
MinimumVisualStudioVersion = 10.0.40219.1
Project("{FAE04EC0-301F-11D3-BF4B-00C04F79EFBC}") = "PracticaProgramacion", "PracticaProgramacion\PracticaProgramacion.csproj", "{1C3B9D5F-8A10-4AA7-A16A-84D1F6B2BFCA}"
EndProject
Global
	GlobalSection(SolutionConfigurationPlatforms) = preSolution
		Debug|Any CPU = Debug|Any CPU
		Release|Any CPU = Release|Any CPU
	EndGlobalSection
	GlobalSection(ProjectConfigurationPlatforms) = postSolution
		{1C3B9D5F-8A10-4AA7-A16A-84D1F6B2BFCA}.Debug|Any CPU.ActiveCfg = Debug|Any CPU
		{1C3B9D5F-8A10-4AA7-A16A-84D1F6B2BFCA}.Debug|Any CPU.Build.0 = Debug|Any CPU
		{1C3B9D5F-8A10-4AA7-A16A-84D1F6B2BFCA}.Release|Any CPU.ActiveCfg = Release|Any CPU
		{1C3B9D5F-8A10-4AA7-A16A-84D1F6B2BFCA}.Release|Any CPU.Build.0 = Release|Any CPU
	EndGlobalSection
	GlobalSection(SolutionProperties) = preSolution
		HideSolutionNode = FALSE
	EndGlobalSection
	GlobalSection(ExtensibilityGlobals) = postSolution
		SolutionGuid = {2C921C1A-FDA2-4434-B97A-E0E5D5217C14}
	EndGlobalSection
EndGlobal
